// !$*UTF8*$!
{
	archiveVersion = 1;
	classes = {
	};
	objectVersion = 46;
	objects = {

/* Begin PBXBuildFile section */
		7A0D27F31A6E70D700689FDD /* main.m in Sources */ = {isa = PBXBuildFile; fileRef = 7A0D27F21A6E70D700689FDD /* main.m */; };
		7A0D27F61A6E70D700689FDD /* AppDelegate.m in Sources */ = {isa = PBXBuildFile; fileRef = 7A0D27F51A6E70D700689FDD /* AppDelegate.m */; };
		7A0D27F91A6E70D700689FDD /* ViewController.m in Sources */ = {isa = PBXBuildFile; fileRef = 7A0D27F81A6E70D700689FDD /* ViewController.m */; };
		7A0D27FC1A6E70D700689FDD /* Main.storyboard in Resources */ = {isa = PBXBuildFile; fileRef = 7A0D27FA1A6E70D700689FDD /* Main.storyboard */; };
		7A0D27FE1A6E70D700689FDD /* Images.xcassets in Resources */ = {isa = PBXBuildFile; fileRef = 7A0D27FD1A6E70D700689FDD /* Images.xcassets */; };
		7A0D28011A6E70D700689FDD /* LaunchScreen.xib in Resources */ = {isa = PBXBuildFile; fileRef = 7A0D27FF1A6E70D700689FDD /* LaunchScreen.xib */; };
		7A0D280D1A6E70D700689FDD /* MazeTests.m in Sources */ = {isa = PBXBuildFile; fileRef = 7A0D280C1A6E70D700689FDD /* MazeTests.m */; };
/* End PBXBuildFile section */

/* Begin PBXContainerItemProxy section */
		7A0D28071A6E70D700689FDD /* PBXContainerItemProxy */ = {
			isa = PBXContainerItemProxy;
			containerPortal = 7A0D27E51A6E70D700689FDD /* Project object */;
			proxyType = 1;
			remoteGlobalIDString = 7A0D27EC1A6E70D700689FDD;
			remoteInfo = Maze;
		};
/* End PBXContainerItemProxy section */

/* Begin PBXFileReference section */
		7A0D27ED1A6E70D700689FDD /* Maze.app */ = {isa = PBXFileReference; explicitFileType = wrapper.application; includeInIndex = 0; path = Maze.app; sourceTree = BUILT_PRODUCTS_DIR; };
		7A0D27F11A6E70D700689FDD /* Info.plist */ = {isa = PBXFileReference; lastKnownFileType = text.plist.xml; path = Info.plist; sourceTree = "<group>"; };
		7A0D27F21A6E70D700689FDD /* main.m */ = {isa = PBXFileReference; lastKnownFileType = sourcecode.c.objc; path = main.m; sourceTree = "<group>"; };
		7A0D27F41A6E70D700689FDD /* AppDelegate.h */ = {isa = PBXFileReference; lastKnownFileType = sourcecode.c.h; path = AppDelegate.h; sourceTree = "<group>"; };
		7A0D27F51A6E70D700689FDD /* AppDelegate.m */ = {isa = PBXFileReference; lastKnownFileType = sourcecode.c.objc; path = AppDelegate.m; sourceTree = "<group>"; };
		7A0D27F71A6E70D700689FDD /* ViewController.h */ = {isa = PBXFileReference; lastKnownFileType = sourcecode.c.h; path = ViewController.h; sourceTree = "<group>"; };
		7A0D27F81A6E70D700689FDD /* ViewController.m */ = {isa = PBXFileReference; lastKnownFileType = sourcecode.c.objc; path = ViewController.m; sourceTree = "<group>"; };
		7A0D27FB1A6E70D700689FDD /* Base */ = {isa = PBXFileReference; lastKnownFileType = file.storyboard; name = Base; path = Base.lproj/Main.storyboard; sourceTree = "<group>"; };
		7A0D27FD1A6E70D700689FDD /* Images.xcassets */ = {isa = PBXFileReference; lastKnownFileType = folder.assetcatalog; path = Images.xcassets; sourceTree = "<group>"; };
		7A0D28001A6E70D700689FDD /* Base */ = {isa = PBXFileReference; lastKnownFileType = file.xib; name = Base; path = Base.lproj/LaunchScreen.xib; sourceTree = "<group>"; };
		7A0D28061A6E70D700689FDD /* MazeTests.xctest */ = {isa = PBXFileReference; explicitFileType = wrapper.cfbundle; includeInIndex = 0; path = MazeTests.xctest; sourceTree = BUILT_PRODUCTS_DIR; };
		7A0D280B1A6E70D700689FDD /* Info.plist */ = {isa = PBXFileReference; lastKnownFileType = text.plist.xml; path = Info.plist; sourceTree = "<group>"; };
		7A0D280C1A6E70D700689FDD /* MazeTests.m */ = {isa = PBXFileReference; lastKnownFileType = sourcecode.c.objc; path = MazeTests.m; sourceTree = "<group>"; };
/* End PBXFileReference section */

/* Begin PBXFrameworksBuildPhase section */
		7A0D27EA1A6E70D700689FDD /* Frameworks */ = {
			isa = PBXFrameworksBuildPhase;
			buildActionMask = 2147483647;
			files = (
			);
			runOnlyForDeploymentPostprocessing = 0;
		};
		7A0D28031A6E70D700689FDD /* Frameworks */ = {
			isa = PBXFrameworksBuildPhase;
			buildActionMask = 2147483647;
			files = (
			);
			runOnlyForDeploymentPostprocessing = 0;
		};
/* End PBXFrameworksBuildPhase section */

/* Begin PBXGroup section */
		7A0D27E41A6E70D700689FDD = {
			isa = PBXGroup;
			children = (
				7A0D27EF1A6E70D700689FDD /* Maze */,
				7A0D28091A6E70D700689FDD /* MazeTests */,
				7A0D27EE1A6E70D700689FDD /* Products */,
			);
			sourceTree = "<group>";
		};
		7A0D27EE1A6E70D700689FDD /* Products */ = {
			isa = PBXGroup;
			children = (
				7A0D27ED1A6E70D700689FDD /* Maze.app */,
				7A0D28061A6E70D700689FDD /* MazeTests.xctest */,
			);
			name = Products;
			sourceTree = "<group>";
		};
		7A0D27EF1A6E70D700689FDD /* Maze */ = {
			isa = PBXGroup;
			children = (
				7A0D27F41A6E70D700689FDD /* AppDelegate.h */,
				7A0D27F51A6E70D700689FDD /* AppDelegate.m */,
				7A0D27F71A6E70D700689FDD /* ViewController.h */,
				7A0D27F81A6E70D700689FDD /* ViewController.m */,
				7A0D27FA1A6E70D700689FDD /* Main.storyboard */,
				7A0D27FD1A6E70D700689FDD /* Images.xcassets */,
				7A0D27FF1A6E70D700689FDD /* LaunchScreen.xib */,
				7A0D27F01A6E70D700689FDD /* Supporting Files */,
			);
			path = Maze;
			sourceTree = "<group>";
		};
		7A0D27F01A6E70D700689FDD /* Supporting Files */ = {
			isa = PBXGroup;
			children = (
				7A0D27F11A6E70D700689FDD /* Info.plist */,
				7A0D27F21A6E70D700689FDD /* main.m */,
			);
			name = "Supporting Files";
			sourceTree = "<group>";
		};
		7A0D28091A6E70D700689FDD /* MazeTests */ = {
			isa = PBXGroup;
			children = (
				7A0D280C1A6E70D700689FDD /* MazeTests.m */,
				7A0D280A1A6E70D700689FDD /* Supporting Files */,
			);
			path = MazeTests;
			sourceTree = "<group>";
		};
		7A0D280A1A6E70D700689FDD /* Supporting Files */ = {
			isa = PBXGroup;
			children = (
				7A0D280B1A6E70D700689FDD /* Info.plist */,
			);
			name = "Supporting Files";
			sourceTree = "<group>";
		};
/* End PBXGroup section */

/* Begin PBXNativeTarget section */
		7A0D27EC1A6E70D700689FDD /* Maze */ = {
			isa = PBXNativeTarget;
			buildConfigurationList = 7A0D28101A6E70D700689FDD /* Build configuration list for PBXNativeTarget "Maze" */;
			buildPhases = (
				7A0D27E91A6E70D700689FDD /* Sources */,
				7A0D27EA1A6E70D700689FDD /* Frameworks */,
				7A0D27EB1A6E70D700689FDD /* Resources */,
			);
			buildRules = (
			);
			dependencies = (
			);
			name = Maze;
			productName = Maze;
			productReference = 7A0D27ED1A6E70D700689FDD /* Maze.app */;
			productType = "com.apple.product-type.application";
		};
		7A0D28051A6E70D700689FDD /* MazeTests */ = {
			isa = PBXNativeTarget;
			buildConfigurationList = 7A0D28131A6E70D700689FDD /* Build configuration list for PBXNativeTarget "MazeTests" */;
			buildPhases = (
				7A0D28021A6E70D700689FDD /* Sources */,
				7A0D28031A6E70D700689FDD /* Frameworks */,
				7A0D28041A6E70D700689FDD /* Resources */,
			);
			buildRules = (
			);
			dependencies = (
				7A0D28081A6E70D700689FDD /* PBXTargetDependency */,
			);
			name = MazeTests;
			productName = MazeTests;
			productReference = 7A0D28061A6E70D700689FDD /* MazeTests.xctest */;
			productType = "com.apple.product-type.bundle.unit-test";
		};
/* End PBXNativeTarget section */

/* Begin PBXProject section */
		7A0D27E51A6E70D700689FDD /* Project object */ = {
			isa = PBXProject;
			attributes = {
				LastUpgradeCheck = 0610;
				ORGANIZATIONNAME = Appcoda;
				TargetAttributes = {
					7A0D27EC1A6E70D700689FDD = {
						CreatedOnToolsVersion = 6.1.1;
					};
					7A0D28051A6E70D700689FDD = {
						CreatedOnToolsVersion = 6.1.1;
						TestTargetID = 7A0D27EC1A6E70D700689FDD;
					};
				};
			};
			buildConfigurationList = 7A0D27E81A6E70D700689FDD /* Build configuration list for PBXProject "Maze" */;
			compatibilityVersion = "Xcode 3.2";
			developmentRegion = English;
			hasScannedForEncodings = 0;
			knownRegions = (
				en,
				Base,
			);
			mainGroup = 7A0D27E41A6E70D700689FDD;
			productRefGroup = 7A0D27EE1A6E70D700689FDD /* Products */;
			projectDirPath = "";
			projectRoot = "";
			targets = (
				7A0D27EC1A6E70D700689FDD /* Maze */,
				7A0D28051A6E70D700689FDD /* MazeTests */,
			);
		};
/* End PBXProject section */

/* Begin PBXResourcesBuildPhase section */
		7A0D27EB1A6E70D700689FDD /* Resources */ = {
			isa = PBXResourcesBuildPhase;
			buildActionMask = 2147483647;
			files = (
				7A0D27FC1A6E70D700689FDD /* Main.storyboard in Resources */,
				7A0D28011A6E70D700689FDD /* LaunchScreen.xib in Resources */,
				7A0D27FE1A6E70D700689FDD /* Images.xcassets in Resources */,
			);
			runOnlyForDeploymentPostprocessing = 0;
		};
		7A0D28041A6E70D700689FDD /* Resources */ = {
			isa = PBXResourcesBuildPhase;
			buildActionMask = 2147483647;
			files = (
			);
			runOnlyForDeploymentPostprocessing = 0;
		};
/* End PBXResourcesBuildPhase section */

/* Begin PBXSourcesBuildPhase section */
		7A0D27E91A6E70D700689FDD /* Sources */ = {
			isa = PBXSourcesBuildPhase;
			buildActionMask = 2147483647;
			files = (
				7A0D27F91A6E70D700689FDD /* ViewController.m in Sources */,
				7A0D27F61A6E70D700689FDD /* AppDelegate.m in Sources */,
				7A0D27F31A6E70D700689FDD /* main.m in Sources */,
			);
			runOnlyForDeploymentPostprocessing = 0;
		};
		7A0D28021A6E70D700689FDD /* Sources */ = {
			isa = PBXSourcesBuildPhase;
			buildActionMask = 2147483647;
			files = (
				7A0D280D1A6E70D700689FDD /* MazeTests.m in Sources */,
			);
			runOnlyForDeploymentPostprocessing = 0;
		};
/* End PBXSourcesBuildPhase section */

/* Begin PBXTargetDependency section */
		7A0D28081A6E70D700689FDD /* PBXTargetDependency */ = {
			isa = PBXTargetDependency;
			target = 7A0D27EC1A6E70D700689FDD /* Maze */;
			targetProxy = 7A0D28071A6E70D700689FDD /* PBXContainerItemProxy */;
		};
/* End PBXTargetDependency section */

/* Begin PBXVariantGroup section */
		7A0D27FA1A6E70D700689FDD /* Main.storyboard */ = {
			isa = PBXVariantGroup;
			children = (
				7A0D27FB1A6E70D700689FDD /* Base */,
			);
			name = Main.storyboard;
			sourceTree = "<group>";
		};
		7A0D27FF1A6E70D700689FDD /* LaunchScreen.xib */ = {
			isa = PBXVariantGroup;
			children = (
				7A0D28001A6E70D700689FDD /* Base */,
			);
			name = LaunchScreen.xib;
			sourceTree = "<group>";
		};
/* End PBXVariantGroup section */

/* Begin XCBuildConfiguration section */
		7A0D280E1A6E70D700689FDD /* Debug */ = {
			isa = XCBuildConfiguration;
			buildSettings = {
				ALWAYS_SEARCH_USER_PATHS = NO;
				CLANG_CXX_LANGUAGE_STANDARD = "gnu++0x";
				CLANG_CXX_LIBRARY = "libc++";
				CLANG_ENABLE_MODULES = YES;
				CLANG_ENABLE_OBJC_ARC = YES;
				CLANG_WARN_BOOL_CONVERSION = YES;
				CLANG_WARN_CONSTANT_CONVERSION = YES;
				CLANG_WARN_DIRECT_OBJC_ISA_USAGE = YES_ERROR;
				CLANG_WARN_EMPTY_BODY = YES;
				CLANG_WARN_ENUM_CONVERSION = YES;
				CLANG_WARN_INT_CONVERSION = YES;
				CLANG_WARN_OBJC_ROOT_CLASS = YES_ERROR;
				CLANG_WARN_UNREACHABLE_CODE = YES;
				CLANG_WARN__DUPLICATE_METHOD_MATCH = YES;
				"CODE_SIGN_IDENTITY[sdk=iphoneos*]" = "iPhone Developer";
				COPY_PHASE_STRIP = NO;
				ENABLE_STRICT_OBJC_MSGSEND = YES;
				GCC_C_LANGUAGE_STANDARD = gnu99;
				GCC_DYNAMIC_NO_PIC = NO;
				GCC_OPTIMIZATION_LEVEL = 0;
				GCC_PREPROCESSOR_DEFINITIONS = (
					"DEBUG=1",
					"$(inherited)",
				);
				GCC_SYMBOLS_PRIVATE_EXTERN = NO;
				GCC_WARN_64_TO_32_BIT_CONVERSION = YES;
				GCC_WARN_ABOUT_RETURN_TYPE = YES_ERROR;
				GCC_WARN_UNDECLARED_SELECTOR = YES;
				GCC_WARN_UNINITIALIZED_AUTOS = YES_AGGRESSIVE;
				GCC_WARN_UNUSED_FUNCTION = YES;
				GCC_WARN_UNUSED_VARIABLE = YES;
				IPHONEOS_DEPLOYMENT_TARGET = 8.1;
				MTL_ENABLE_DEBUG_INFO = YES;
				ONLY_ACTIVE_ARCH = YES;
				SDKROOT = iphoneos;
			};
			name = Debug;
		};
		7A0D280F1A6E70D700689FDD /* Release */ = {
			isa = XCBuildConfiguration;
			buildSettings = {
				ALWAYS_SEARCH_USER_PATHS = NO;
				CLANG_CXX_LANGUAGE_STANDARD = "gnu++0x";
				CLANG_CXX_LIBRARY = "libc++";
				CLANG_ENABLE_MODULES = YES;
				CLANG_ENABLE_OBJC_ARC = YES;
				CLANG_WARN_BOOL_CONVERSION = YES;
				CLANG_WARN_CONSTANT_CONVERSION = YES;
				CLANG_WARN_DIRECT_OBJC_ISA_USAGE = YES_ERROR;
				CLANG_WARN_EMPTY_BODY = YES;
				CLANG_WARN_ENUM_CONVERSION = YES;
				CLANG_WARN_INT_CONVERSION = YES;
				CLANG_WARN_OBJC_ROOT_CLASS = YES_ERROR;
				CLANG_WARN_UNREACHABLE_CODE = YES;
				CLANG_WARN__DUPLICATE_METHOD_MATCH = YES;
				"CODE_SIGN_IDENTITY[sdk=iphoneos*]" = "iPhone Developer";
				COPY_PHASE_STRIP = YES;
				ENABLE_NS_ASSERTIONS = NO;
				ENABLE_STRICT_OBJC_MSGSEND = YES;
				GCC_C_LANGUAGE_STANDARD = gnu99;
				GCC_WARN_64_TO_32_BIT_CONVERSION = YES;
				GCC_WARN_ABOUT_RETURN_TYPE = YES_ERROR;
				GCC_WARN_UNDECLARED_SELECTOR = YES;
				GCC_WARN_UNINITIALIZED_AUTOS = YES_AGGRESSIVE;
				GCC_WARN_UNUSED_FUNCTION = YES;
				GCC_WARN_UNUSED_VARIABLE = YES;
				IPHONEOS_DEPLOYMENT_TARGET = 8.1;
				MTL_ENABLE_DEBUG_INFO = NO;
				SDKROOT = iphoneos;
				VALIDATE_PRODUCT = YES;
			};
			name = Release;
		};
		7A0D28111A6E70D700689FDD /* Debug */ = {
			isa = XCBuildConfiguration;
			buildSettings = {
				ASSETCATALOG_COMPILER_APPICON_NAME = AppIcon;
				INFOPLIST_FILE = Maze/Info.plist;
				LD_RUNPATH_SEARCH_PATHS = "$(inherited) @executable_path/Frameworks";
				PRODUCT_NAME = "$(TARGET_NAME)";
			};
			name = Debug;
		};
		7A0D28121A6E70D700689FDD /* Release */ = {
			isa = XCBuildConfiguration;
			buildSettings = {
				ASSETCATALOG_COMPILER_APPICON_NAME = AppIcon;
				INFOPLIST_FILE = Maze/Info.plist;
				LD_RUNPATH_SEARCH_PATHS = "$(inherited) @executable_path/Frameworks";
				PRODUCT_NAME = "$(TARGET_NAME)";
			};
			name = Release;
		};
		7A0D28141A6E70D700689FDD /* Debug */ = {
			isa = XCBuildConfiguration;
			buildSettings = {
				BUNDLE_LOADER = "$(TEST_HOST)";
				FRAMEWORK_SEARCH_PATHS = (
					"$(SDKROOT)/Developer/Library/Frameworks",
					"$(inherited)",
				);
				GCC_PREPROCESSOR_DEFINITIONS = (
					"DEBUG=1",
					"$(inherited)",
				);
				INFOPLIST_FILE = MazeTests/Info.plist;
				LD_RUNPATH_SEARCH_PATHS = "$(inherited) @executable_path/Frameworks @loader_path/Frameworks";
				PRODUCT_NAME = "$(TARGET_NAME)";
				TEST_HOST = "$(BUILT_PRODUCTS_DIR)/Maze.app/Maze";
			};
			name = Debug;
		};
		7A0D28151A6E70D700689FDD /* Release */ = {
			isa = XCBuildConfiguration;
			buildSettings = {
				BUNDLE_LOADER = "$(TEST_HOST)";
				FRAMEWORK_SEARCH_PATHS = (
					"$(SDKROOT)/Developer/Library/Frameworks",
					"$(inherited)",
				);
				INFOPLIST_FILE = MazeTests/Info.plist;
				LD_RUNPATH_SEARCH_PATHS = "$(inherited) @executable_path/Frameworks @loader_path/Frameworks";
				PRODUCT_NAME = "$(TARGET_NAME)";
				TEST_HOST = "$(BUILT_PRODUCTS_DIR)/Maze.app/Maze";
			};
			name = Release;
		};
/* End XCBuildConfiguration section */

/* Begin XCConfigurationList section */
		7A0D27E81A6E70D700689FDD /* Build configuration list for PBXProject "Maze" */ = {
			isa = XCConfigurationList;
			buildConfigurations = (
				7A0D280E1A6E70D700689FDD /* Debug */,
				7A0D280F1A6E70D700689FDD /* Release */,
			);
			defaultConfigurationIsVisible = 0;
			defaultConfigurationName = Release;
		};
		7A0D28101A6E70D700689FDD /* Build configuration list for PBXNativeTarget "Maze" */ = {
			isa = XCConfigurationList;
			buildConfigurations = (
				7A0D28111A6E70D700689FDD /* Debug */,
				7A0D28121A6E70D700689FDD /* Release */,
			);
			defaultConfigurationIsVisible = 0;
		};
		7A0D28131A6E70D700689FDD /* Build configuration list for PBXNativeTarget "MazeTests" */ = {
			isa = XCConfigurationList;
			buildConfigurations = (
				7A0D28141A6E70D700689FDD /* Debug */,
				7A0D28151A6E70D700689FDD /* Release */,
			);
			defaultConfigurationIsVisible = 0;
		};
/* End XCConfigurationList section */
	};
	rootObject = 7A0D27E51A6E70D700689FDD /* Project object */;
}
